Microsoft Visual Studio Solution File, Format Version 11.00
# Visual Studio 2008

Project("{EE9BD49E-774F-06D5-5F2C-C5D8C94385A9}") = "CircleWarsReloaded", "Assembly-CSharp.csproj", "{526AD095-C847-920B-DCB7-4DC05BAAAE21}"
EndProject
Global
	GlobalSection(SolutionConfigurationPlatforms) = preSolution
		Debug|Any CPU = Debug|Any CPU
		Release|Any CPU = Release|Any CPU
	EndGlobalSection
	GlobalSection(ProjectConfigurationPlatforms) = postSolution
		{526AD095-C847-920B-DCB7-4DC05BAAAE21}.Debug|Any CPU.ActiveCfg = Debug|Any CPU
		{526AD095-C847-920B-DCB7-4DC05BAAAE21}.Debug|Any CPU.Build.0 = Debug|Any CPU
		{526AD095-C847-920B-DCB7-4DC05BAAAE21}.Release|Any CPU.ActiveCfg = Release|Any CPU
		{526AD095-C847-920B-DCB7-4DC05BAAAE21}.Release|Any CPU.Build.0 = Release|Any CPU
	EndGlobalSection
	GlobalSection(SolutionProperties) = preSolution
		HideSolutionNode = FALSE
	EndGlobalSection
	GlobalSection(MonoDevelopProperties) = preSolution
		StartupItem = Assembly-CSharp.csproj
	EndGlobalSection
EndGlobal
